// !$*UTF8*$!
{
	archiveVersion = 1;
	classes = {
	};
	objectVersion = 50;
	objects = {

/* Begin PBXBuildFile section */
		A642BCC220BEEB48007115A1 /* AppDelegate.swift in Sources */ = {isa = PBXBuildFile; fileRef = A642BCC120BEEB48007115A1 /* AppDelegate.swift */; };
		A642BCC420BEEB49007115A1 /* Assets.xcassets in Resources */ = {isa = PBXBuildFile; fileRef = A642BCC320BEEB49007115A1 /* Assets.xcassets */; };
		A642BCC720BEEB49007115A1 /* MainMenu.xib in Resources */ = {isa = PBXBuildFile; fileRef = A642BCC520BEEB49007115A1 /* MainMenu.xib */; };
		A642BCD020BEED50007115A1 /* StatusMenuController.swift in Sources */ = {isa = PBXBuildFile; fileRef = A642BCCF20BEED50007115A1 /* StatusMenuController.swift */; };
		A642BCD220BEEEA6007115A1 /* WifiAPI.swift in Sources */ = {isa = PBXBuildFile; fileRef = A642BCD120BEEEA6007115A1 /* WifiAPI.swift */; };
		BB0BAD5020D25568008EB3A6 /* AppDelegate.swift in Sources */ = {isa = PBXBuildFile; fileRef = BB0BAD4F20D25568008EB3A6 /* AppDelegate.swift */; };
		BB0BAD5220D25569008EB3A6 /* Assets.xcassets in Resources */ = {isa = PBXBuildFile; fileRef = BB0BAD5120D25569008EB3A6 /* Assets.xcassets */; };
		BB0BAD5520D25569008EB3A6 /* MainMenu.xib in Resources */ = {isa = PBXBuildFile; fileRef = BB0BAD5320D25569008EB3A6 /* MainMenu.xib */; };
		BB0BAD5E20D2578B008EB3A6 /* Tchou-Tchou Launcher.app in CopyFiles */ = {isa = PBXBuildFile; fileRef = BB0BAD4D20D25568008EB3A6 /* Tchou-Tchou Launcher.app */; settings = {ATTRIBUTES = (RemoveHeadersOnCopy, ); }; };
		BB97AD2D20FDD3A500BC3B25 /* NSFont+Helpers.swift in Sources */ = {isa = PBXBuildFile; fileRef = BB97AD2C20FDD3A500BC3B25 /* NSFont+Helpers.swift */; };
		BBCA2AAA20D2639D00B3D49A /* LaunchView.swift in Sources */ = {isa = PBXBuildFile; fileRef = BBCA2AA920D2639C00B3D49A /* LaunchView.swift */; };
/* End PBXBuildFile section */

/* Begin PBXCopyFilesBuildPhase section */
		BB0BAD5D20D25774008EB3A6 /* CopyFiles */ = {
			isa = PBXCopyFilesBuildPhase;
			buildActionMask = 2147483647;
			dstPath = Contents/Library/LoginItems;
			dstSubfolderSpec = 1;
			files = (
				BB0BAD5E20D2578B008EB3A6 /* Tchou-Tchou Launcher.app in CopyFiles */,
			);
			runOnlyForDeploymentPostprocessing = 0;
		};
/* End PBXCopyFilesBuildPhase section */

/* Begin PBXFileReference section */
		A642BCBE20BEEB48007115A1 /* Tchou-Tchou.app */ = {isa = PBXFileReference; explicitFileType = wrapper.application; includeInIndex = 0; path = "Tchou-Tchou.app"; sourceTree = BUILT_PRODUCTS_DIR; };
		A642BCC120BEEB48007115A1 /* AppDelegate.swift */ = {isa = PBXFileReference; lastKnownFileType = sourcecode.swift; path = AppDelegate.swift; sourceTree = "<group>"; };
		A642BCC320BEEB49007115A1 /* Assets.xcassets */ = {isa = PBXFileReference; lastKnownFileType = folder.assetcatalog; path = Assets.xcassets; sourceTree = "<group>"; };
		A642BCC620BEEB49007115A1 /* Base */ = {isa = PBXFileReference; lastKnownFileType = file.xib; name = Base; path = Base.lproj/MainMenu.xib; sourceTree = "<group>"; };
		A642BCC820BEEB49007115A1 /* Info.plist */ = {isa = PBXFileReference; lastKnownFileType = text.plist.xml; path = Info.plist; sourceTree = "<group>"; };
		A642BCC920BEEB49007115A1 /* Tchou-Tchou.entitlements */ = {isa = PBXFileReference; lastKnownFileType = text.plist.entitlements; path = "Tchou-Tchou.entitlements"; sourceTree = "<group>"; };
		A642BCCF20BEED50007115A1 /* StatusMenuController.swift */ = {isa = PBXFileReference; lastKnownFileType = sourcecode.swift; path = StatusMenuController.swift; sourceTree = "<group>"; };
		A642BCD120BEEEA6007115A1 /* WifiAPI.swift */ = {isa = PBXFileReference; lastKnownFileType = sourcecode.swift; path = WifiAPI.swift; sourceTree = "<group>"; };
		BB0BAD4D20D25568008EB3A6 /* Tchou-Tchou Launcher.app */ = {isa = PBXFileReference; explicitFileType = wrapper.application; includeInIndex = 0; path = "Tchou-Tchou Launcher.app"; sourceTree = BUILT_PRODUCTS_DIR; };
		BB0BAD4F20D25568008EB3A6 /* AppDelegate.swift */ = {isa = PBXFileReference; lastKnownFileType = sourcecode.swift; path = AppDelegate.swift; sourceTree = "<group>"; };
		BB0BAD5120D25569008EB3A6 /* Assets.xcassets */ = {isa = PBXFileReference; lastKnownFileType = folder.assetcatalog; path = Assets.xcassets; sourceTree = "<group>"; };
		BB0BAD5420D25569008EB3A6 /* Base */ = {isa = PBXFileReference; lastKnownFileType = file.xib; name = Base; path = Base.lproj/MainMenu.xib; sourceTree = "<group>"; };
		BB0BAD5620D25569008EB3A6 /* Info.plist */ = {isa = PBXFileReference; lastKnownFileType = text.plist.xml; path = Info.plist; sourceTree = "<group>"; };
		BB0BAD5720D25569008EB3A6 /* Tchou_Tchou_Launcher.entitlements */ = {isa = PBXFileReference; lastKnownFileType = text.plist.entitlements; path = Tchou_Tchou_Launcher.entitlements; sourceTree = "<group>"; };
		BB0BAD5B20D25662008EB3A6 /* Tchou-Tchou Launcher.entitlements */ = {isa = PBXFileReference; lastKnownFileType = text.plist.entitlements; path = "Tchou-Tchou Launcher.entitlements"; sourceTree = "<group>"; };
		BB97AD2C20FDD3A500BC3B25 /* NSFont+Helpers.swift */ = {isa = PBXFileReference; lastKnownFileType = sourcecode.swift; path = "NSFont+Helpers.swift"; sourceTree = "<group>"; };
		BBCA2AA920D2639C00B3D49A /* LaunchView.swift */ = {isa = PBXFileReference; lastKnownFileType = sourcecode.swift; path = LaunchView.swift; sourceTree = "<group>"; };
/* End PBXFileReference section */

/* Begin PBXFrameworksBuildPhase section */
		A642BCBB20BEEB48007115A1 /* Frameworks */ = {
			isa = PBXFrameworksBuildPhase;
			buildActionMask = 2147483647;
			files = (
			);
			runOnlyForDeploymentPostprocessing = 0;
		};
		BB0BAD4A20D25568008EB3A6 /* Frameworks */ = {
			isa = PBXFrameworksBuildPhase;
			buildActionMask = 2147483647;
			files = (
			);
			runOnlyForDeploymentPostprocessing = 0;
		};
/* End PBXFrameworksBuildPhase section */

/* Begin PBXGroup section */
		A642BCB520BEEB48007115A1 = {
			isa = PBXGroup;
			children = (
				A642BCC020BEEB48007115A1 /* Tchou-Tchou */,
				BB0BAD4E20D25568008EB3A6 /* Tchou-Tchou Launcher */,
				A642BCBF20BEEB48007115A1 /* Products */,
			);
			sourceTree = "<group>";
		};
		A642BCBF20BEEB48007115A1 /* Products */ = {
			isa = PBXGroup;
			children = (
				A642BCBE20BEEB48007115A1 /* Tchou-Tchou.app */,
				BB0BAD4D20D25568008EB3A6 /* Tchou-Tchou Launcher.app */,
			);
			name = Products;
			sourceTree = "<group>";
		};
		A642BCC020BEEB48007115A1 /* Tchou-Tchou */ = {
			isa = PBXGroup;
			children = (
				A642BCC120BEEB48007115A1 /* AppDelegate.swift */,
				BBCA2AA920D2639C00B3D49A /* LaunchView.swift */,
				A642BCCF20BEED50007115A1 /* StatusMenuController.swift */,
				A642BCD120BEEEA6007115A1 /* WifiAPI.swift */,
				BB97AD2C20FDD3A500BC3B25 /* NSFont+Helpers.swift */,
				A642BCC320BEEB49007115A1 /* Assets.xcassets */,
				A642BCC520BEEB49007115A1 /* MainMenu.xib */,
				A642BCC820BEEB49007115A1 /* Info.plist */,
				A642BCC920BEEB49007115A1 /* Tchou-Tchou.entitlements */,
			);
			path = "Tchou-Tchou";
			sourceTree = "<group>";
		};
		BB0BAD4E20D25568008EB3A6 /* Tchou-Tchou Launcher */ = {
			isa = PBXGroup;
			children = (
				BB0BAD5B20D25662008EB3A6 /* Tchou-Tchou Launcher.entitlements */,
				BB0BAD4F20D25568008EB3A6 /* AppDelegate.swift */,
				BB0BAD5120D25569008EB3A6 /* Assets.xcassets */,
				BB0BAD5320D25569008EB3A6 /* MainMenu.xib */,
				BB0BAD5620D25569008EB3A6 /* Info.plist */,
				BB0BAD5720D25569008EB3A6 /* Tchou_Tchou_Launcher.entitlements */,
			);
			path = "Tchou-Tchou Launcher";
			sourceTree = "<group>";
		};
/* End PBXGroup section */

/* Begin PBXNativeTarget section */
		A642BCBD20BEEB48007115A1 /* Tchou-Tchou */ = {
			isa = PBXNativeTarget;
			buildConfigurationList = A642BCCC20BEEB49007115A1 /* Build configuration list for PBXNativeTarget "Tchou-Tchou" */;
			buildPhases = (
				A642BCBA20BEEB48007115A1 /* Sources */,
				A642BCBB20BEEB48007115A1 /* Frameworks */,
				A642BCBC20BEEB48007115A1 /* Resources */,
				BB0BAD5D20D25774008EB3A6 /* CopyFiles */,
			);
			buildRules = (
			);
			dependencies = (
			);
			name = "Tchou-Tchou";
			productName = kmh574;
			productReference = A642BCBE20BEEB48007115A1 /* Tchou-Tchou.app */;
			productType = "com.apple.product-type.application";
		};
		BB0BAD4C20D25568008EB3A6 /* Tchou-Tchou Launcher */ = {
			isa = PBXNativeTarget;
			buildConfigurationList = BB0BAD5A20D25569008EB3A6 /* Build configuration list for PBXNativeTarget "Tchou-Tchou Launcher" */;
			buildPhases = (
				BB0BAD4920D25568008EB3A6 /* Sources */,
				BB0BAD4A20D25568008EB3A6 /* Frameworks */,
				BB0BAD4B20D25568008EB3A6 /* Resources */,
			);
			buildRules = (
			);
			dependencies = (
			);
			name = "Tchou-Tchou Launcher";
			productName = "Tchou-Tchou Launcher";
			productReference = BB0BAD4D20D25568008EB3A6 /* Tchou-Tchou Launcher.app */;
			productType = "com.apple.product-type.application";
		};
/* End PBXNativeTarget section */

/* Begin PBXProject section */
		A642BCB620BEEB48007115A1 /* Project object */ = {
			isa = PBXProject;
			attributes = {
				LastSwiftUpdateCheck = 0940;
				LastUpgradeCheck = 0930;
				ORGANIZATIONNAME = "Adrien Humilière";
				TargetAttributes = {
					A642BCBD20BEEB48007115A1 = {
						CreatedOnToolsVersion = 9.3;
						SystemCapabilities = {
							com.apple.Sandbox = {
								enabled = 1;
							};
						};
					};
					BB0BAD4C20D25568008EB3A6 = {
						CreatedOnToolsVersion = 9.4;
						SystemCapabilities = {
							com.apple.Sandbox = {
								enabled = 1;
							};
						};
					};
				};
			};
			buildConfigurationList = A642BCB920BEEB48007115A1 /* Build configuration list for PBXProject "Tchou-Tchou" */;
			compatibilityVersion = "Xcode 9.3";
			developmentRegion = en;
			hasScannedForEncodings = 0;
			knownRegions = (
				en,
				Base,
			);
			mainGroup = A642BCB520BEEB48007115A1;
			productRefGroup = A642BCBF20BEEB48007115A1 /* Products */;
			projectDirPath = "";
			projectRoot = "";
			targets = (
				A642BCBD20BEEB48007115A1 /* Tchou-Tchou */,
				BB0BAD4C20D25568008EB3A6 /* Tchou-Tchou Launcher */,
			);
		};
/* End PBXProject section */

/* Begin PBXResourcesBuildPhase section */
		A642BCBC20BEEB48007115A1 /* Resources */ = {
			isa = PBXResourcesBuildPhase;
			buildActionMask = 2147483647;
			files = (
				A642BCC420BEEB49007115A1 /* Assets.xcassets in Resources */,
				A642BCC720BEEB49007115A1 /* MainMenu.xib in Resources */,
			);
			runOnlyForDeploymentPostprocessing = 0;
		};
		BB0BAD4B20D25568008EB3A6 /* Resources */ = {
			isa = PBXResourcesBuildPhase;
			buildActionMask = 2147483647;
			files = (
				BB0BAD5220D25569008EB3A6 /* Assets.xcassets in Resources */,
				BB0BAD5520D25569008EB3A6 /* MainMenu.xib in Resources */,
			);
			runOnlyForDeploymentPostprocessing = 0;
		};
/* End PBXResourcesBuildPhase section */

/* Begin PBXSourcesBuildPhase section */
		A642BCBA20BEEB48007115A1 /* Sources */ = {
			isa = PBXSourcesBuildPhase;
			buildActionMask = 2147483647;
			files = (
				A642BCD020BEED50007115A1 /* StatusMenuController.swift in Sources */,
				BBCA2AAA20D2639D00B3D49A /* LaunchView.swift in Sources */,
				A642BCD220BEEEA6007115A1 /* WifiAPI.swift in Sources */,
				A642BCC220BEEB48007115A1 /* AppDelegate.swift in Sources */,
				BB97AD2D20FDD3A500BC3B25 /* NSFont+Helpers.swift in Sources */,
			);
			runOnlyForDeploymentPostprocessing = 0;
		};
		BB0BAD4920D25568008EB3A6 /* Sources */ = {
			isa = PBXSourcesBuildPhase;
			buildActionMask = 2147483647;
			files = (
				BB0BAD5020D25568008EB3A6 /* AppDelegate.swift in Sources */,
			);
			runOnlyForDeploymentPostprocessing = 0;
		};
/* End PBXSourcesBuildPhase section */

/* Begin PBXVariantGroup section */
		A642BCC520BEEB49007115A1 /* MainMenu.xib */ = {
			isa = PBXVariantGroup;
			children = (
				A642BCC620BEEB49007115A1 /* Base */,
			);
			name = MainMenu.xib;
			sourceTree = "<group>";
		};
		BB0BAD5320D25569008EB3A6 /* MainMenu.xib */ = {
			isa = PBXVariantGroup;
			children = (
				BB0BAD5420D25569008EB3A6 /* Base */,
			);
			name = MainMenu.xib;
			sourceTree = "<group>";
		};
/* End PBXVariantGroup section */

/* Begin XCBuildConfiguration section */
		A642BCCA20BEEB49007115A1 /* Debug */ = {
			isa = XCBuildConfiguration;
			buildSettings = {
				ALWAYS_SEARCH_USER_PATHS = NO;
				CLANG_ANALYZER_NONNULL = YES;
				CLANG_ANALYZER_NUMBER_OBJECT_CONVERSION = YES_AGGRESSIVE;
				CLANG_CXX_LANGUAGE_STANDARD = "gnu++14";
				CLANG_CXX_LIBRARY = "libc++";
				CLANG_ENABLE_MODULES = YES;
				CLANG_ENABLE_OBJC_ARC = YES;
				CLANG_ENABLE_OBJC_WEAK = YES;
				CLANG_WARN_BLOCK_CAPTURE_AUTORELEASING = YES;
				CLANG_WARN_BOOL_CONVERSION = YES;
				CLANG_WARN_COMMA = YES;
				CLANG_WARN_CONSTANT_CONVERSION = YES;
				CLANG_WARN_DEPRECATED_OBJC_IMPLEMENTATIONS = YES;
				CLANG_WARN_DIRECT_OBJC_ISA_USAGE = YES_ERROR;
				CLANG_WARN_DOCUMENTATION_COMMENTS = YES;
				CLANG_WARN_EMPTY_BODY = YES;
				CLANG_WARN_ENUM_CONVERSION = YES;
				CLANG_WARN_INFINITE_RECURSION = YES;
				CLANG_WARN_INT_CONVERSION = YES;
				CLANG_WARN_NON_LITERAL_NULL_CONVERSION = YES;
				CLANG_WARN_OBJC_IMPLICIT_RETAIN_SELF = YES;
				CLANG_WARN_OBJC_LITERAL_CONVERSION = YES;
				CLANG_WARN_OBJC_ROOT_CLASS = YES_ERROR;
				CLANG_WARN_RANGE_LOOP_ANALYSIS = YES;
				CLANG_WARN_STRICT_PROTOTYPES = YES;
				CLANG_WARN_SUSPICIOUS_MOVE = YES;
				CLANG_WARN_UNGUARDED_AVAILABILITY = YES_AGGRESSIVE;
				CLANG_WARN_UNREACHABLE_CODE = YES;
				CLANG_WARN__DUPLICATE_METHOD_MATCH = YES;
				CODE_SIGN_IDENTITY = "Mac Developer";
				COPY_PHASE_STRIP = NO;
				CURRENT_PROJECT_VERSION = 5;
				DEBUG_INFORMATION_FORMAT = dwarf;
				ENABLE_STRICT_OBJC_MSGSEND = YES;
				ENABLE_TESTABILITY = YES;
				GCC_C_LANGUAGE_STANDARD = gnu11;
				GCC_DYNAMIC_NO_PIC = NO;
				GCC_NO_COMMON_BLOCKS = YES;
				GCC_OPTIMIZATION_LEVEL = 0;
				GCC_PREPROCESSOR_DEFINITIONS = (
					"DEBUG=1",
					"$(inherited)",
				);
				GCC_WARN_64_TO_32_BIT_CONVERSION = YES;
				GCC_WARN_ABOUT_RETURN_TYPE = YES_ERROR;
				GCC_WARN_UNDECLARED_SELECTOR = YES;
				GCC_WARN_UNINITIALIZED_AUTOS = YES_AGGRESSIVE;
				GCC_WARN_UNUSED_FUNCTION = YES;
				GCC_WARN_UNUSED_VARIABLE = YES;
				MACOSX_DEPLOYMENT_TARGET = 10.13;
				MTL_ENABLE_DEBUG_INFO = YES;
				ONLY_ACTIVE_ARCH = YES;
				SDKROOT = macosx;
				SWIFT_ACTIVE_COMPILATION_CONDITIONS = DEBUG;
				SWIFT_OPTIMIZATION_LEVEL = "-Onone";
			};
			name = Debug;
		};
		A642BCCB20BEEB49007115A1 /* Release */ = {
			isa = XCBuildConfiguration;
			buildSettings = {
				ALWAYS_SEARCH_USER_PATHS = NO;
				CLANG_ANALYZER_NONNULL = YES;
				CLANG_ANALYZER_NUMBER_OBJECT_CONVERSION = YES_AGGRESSIVE;
				CLANG_CXX_LANGUAGE_STANDARD = "gnu++14";
				CLANG_CXX_LIBRARY = "libc++";
				CLANG_ENABLE_MODULES = YES;
				CLANG_ENABLE_OBJC_ARC = YES;
				CLANG_ENABLE_OBJC_WEAK = YES;
				CLANG_WARN_BLOCK_CAPTURE_AUTORELEASING = YES;
				CLANG_WARN_BOOL_CONVERSION = YES;
				CLANG_WARN_COMMA = YES;
				CLANG_WARN_CONSTANT_CONVERSION = YES;
				CLANG_WARN_DEPRECATED_OBJC_IMPLEMENTATIONS = YES;
				CLANG_WARN_DIRECT_OBJC_ISA_USAGE = YES_ERROR;
				CLANG_WARN_DOCUMENTATION_COMMENTS = YES;
				CLANG_WARN_EMPTY_BODY = YES;
				CLANG_WARN_ENUM_CONVERSION = YES;
				CLANG_WARN_INFINITE_RECURSION = YES;
				CLANG_WARN_INT_CONVERSION = YES;
				CLANG_WARN_NON_LITERAL_NULL_CONVERSION = YES;
				CLANG_WARN_OBJC_IMPLICIT_RETAIN_SELF = YES;
				CLANG_WARN_OBJC_LITERAL_CONVERSION = YES;
				CLANG_WARN_OBJC_ROOT_CLASS = YES_ERROR;
				CLANG_WARN_RANGE_LOOP_ANALYSIS = YES;
				CLANG_WARN_STRICT_PROTOTYPES = YES;
				CLANG_WARN_SUSPICIOUS_MOVE = YES;
				CLANG_WARN_UNGUARDED_AVAILABILITY = YES_AGGRESSIVE;
				CLANG_WARN_UNREACHABLE_CODE = YES;
				CLANG_WARN__DUPLICATE_METHOD_MATCH = YES;
				CODE_SIGN_IDENTITY = "Mac Developer";
				COPY_PHASE_STRIP = NO;
				CURRENT_PROJECT_VERSION = 5;
				DEBUG_INFORMATION_FORMAT = "dwarf-with-dsym";
				ENABLE_NS_ASSERTIONS = NO;
				ENABLE_STRICT_OBJC_MSGSEND = YES;
				GCC_C_LANGUAGE_STANDARD = gnu11;
				GCC_NO_COMMON_BLOCKS = YES;
				GCC_WARN_64_TO_32_BIT_CONVERSION = YES;
				GCC_WARN_ABOUT_RETURN_TYPE = YES_ERROR;
				GCC_WARN_UNDECLARED_SELECTOR = YES;
				GCC_WARN_UNINITIALIZED_AUTOS = YES_AGGRESSIVE;
				GCC_WARN_UNUSED_FUNCTION = YES;
				GCC_WARN_UNUSED_VARIABLE = YES;
				MACOSX_DEPLOYMENT_TARGET = 10.13;
				MTL_ENABLE_DEBUG_INFO = NO;
				SDKROOT = macosx;
				SWIFT_COMPILATION_MODE = wholemodule;
				SWIFT_OPTIMIZATION_LEVEL = "-O";
			};
			name = Release;
		};
		A642BCCD20BEEB49007115A1 /* Debug */ = {
			isa = XCBuildConfiguration;
			buildSettings = {
				ASSETCATALOG_COMPILER_APPICON_NAME = AppIcon;
				CODE_SIGN_ENTITLEMENTS = "Tchou-Tchou/Tchou-Tchou.entitlements";
				CODE_SIGN_IDENTITY = "Mac Developer";
				CODE_SIGN_STYLE = Automatic;
				COMBINE_HIDPI_IMAGES = YES;
				DEVELOPMENT_TEAM = E873B24XVN;
				INFOPLIST_FILE = "Tchou-Tchou/Info.plist";
				LD_RUNPATH_SEARCH_PATHS = (
					"$(inherited)",
					"@executable_path/../Frameworks",
				);
				MACOSX_DEPLOYMENT_TARGET = 10.12;
				OTHER_SWIFT_FLAGS = "-DDEBUG";
				PRODUCT_BUNDLE_IDENTIFIER = "fr.adhumi.tchou-tchou";
				PRODUCT_NAME = "$(TARGET_NAME)";
				PROVISIONING_PROFILE_SPECIFIER = "";
				SWIFT_VERSION = 4.0;
			};
			name = Debug;
		};
		A642BCCE20BEEB49007115A1 /* Release */ = {
			isa = XCBuildConfiguration;
			buildSettings = {
				ASSETCATALOG_COMPILER_APPICON_NAME = AppIcon;
				CODE_SIGN_ENTITLEMENTS = "Tchou-Tchou/Tchou-Tchou.entitlements";
				CODE_SIGN_IDENTITY = "Mac Developer";
				CODE_SIGN_STYLE = Automatic;
				COMBINE_HIDPI_IMAGES = YES;
				DEVELOPMENT_TEAM = E873B24XVN;
				INFOPLIST_FILE = "Tchou-Tchou/Info.plist";
				LD_RUNPATH_SEARCH_PATHS = (
					"$(inherited)",
					"@executable_path/../Frameworks",
				);
				MACOSX_DEPLOYMENT_TARGET = 10.12;
				OTHER_SWIFT_FLAGS = "-DRELEASE";
				PRODUCT_BUNDLE_IDENTIFIER = "fr.adhumi.tchou-tchou";
				PRODUCT_NAME = "$(TARGET_NAME)";
				PROVISIONING_PROFILE_SPECIFIER = "";
				SWIFT_VERSION = 4.0;
			};
			name = Release;
		};
		BB0BAD5820D25569008EB3A6 /* Debug */ = {
			isa = XCBuildConfiguration;
			buildSettings = {
				ASSETCATALOG_COMPILER_APPICON_NAME = AppIcon;
				CODE_SIGN_ENTITLEMENTS = "Tchou-Tchou Launcher/Tchou-Tchou Launcher.entitlements";
				CODE_SIGN_STYLE = Automatic;
				COMBINE_HIDPI_IMAGES = YES;
				DEVELOPMENT_TEAM = E873B24XVN;
				INFOPLIST_FILE = "Tchou-Tchou Launcher/Info.plist";
				LD_RUNPATH_SEARCH_PATHS = (
					"$(inherited)",
					"@executable_path/../Frameworks",
				);
				MACOSX_DEPLOYMENT_TARGET = 10.12;
				PRODUCT_BUNDLE_IDENTIFIER = "fr.adhumi.tchou-tchou.launcher";
				PRODUCT_NAME = "$(TARGET_NAME)";
				SKIP_INSTALL = YES;
				SWIFT_VERSION = 4.0;
			};
			name = Debug;
		};
		BB0BAD5920D25569008EB3A6 /* Release */ = {
			isa = XCBuildConfiguration;
			buildSettings = {
				ASSETCATALOG_COMPILER_APPICON_NAME = AppIcon;
				CODE_SIGN_ENTITLEMENTS = "Tchou-Tchou Launcher/Tchou-Tchou Launcher.entitlements";
				CODE_SIGN_STYLE = Automatic;
				COMBINE_HIDPI_IMAGES = YES;
				DEVELOPMENT_TEAM = E873B24XVN;
				INFOPLIST_FILE = "Tchou-Tchou Launcher/Info.plist";
				LD_RUNPATH_SEARCH_PATHS = (
					"$(inherited)",
					"@executable_path/../Frameworks",
				);
				MACOSX_DEPLOYMENT_TARGET = 10.12;
				PRODUCT_BUNDLE_IDENTIFIER = "fr.adhumi.tchou-tchou.launcher";
				PRODUCT_NAME = "$(TARGET_NAME)";
				SKIP_INSTALL = YES;
				SWIFT_VERSION = 4.0;
			};
			name = Release;
		};
/* End XCBuildConfiguration section */

/* Begin XCConfigurationList section */
		A642BCB920BEEB48007115A1 /* Build configuration list for PBXProject "Tchou-Tchou" */ = {
			isa = XCConfigurationList;
			buildConfigurations = (
				A642BCCA20BEEB49007115A1 /* Debug */,
				A642BCCB20BEEB49007115A1 /* Release */,
			);
			defaultConfigurationIsVisible = 0;
			defaultConfigurationName = Release;
		};
		A642BCCC20BEEB49007115A1 /* Build configuration list for PBXNativeTarget "Tchou-Tchou" */ = {
			isa = XCConfigurationList;
			buildConfigurations = (
				A642BCCD20BEEB49007115A1 /* Debug */,
				A642BCCE20BEEB49007115A1 /* Release */,
			);
			defaultConfigurationIsVisible = 0;
			defaultConfigurationName = Release;
		};
		BB0BAD5A20D25569008EB3A6 /* Build configuration list for PBXNativeTarget "Tchou-Tchou Launcher" */ = {
			isa = XCConfigurationList;
			buildConfigurations = (
				BB0BAD5820D25569008EB3A6 /* Debug */,
				BB0BAD5920D25569008EB3A6 /* Release */,
			);
			defaultConfigurationIsVisible = 0;
			defaultConfigurationName = Release;
		};
/* End XCConfigurationList section */
	};
	rootObject = A642BCB620BEEB48007115A1 /* Project object */;
}
